
Microsoft Visual Studio Solution File, Format Version 12.00
# Visual Studio Version 16
VisualStudioVersion = 16.0.29613.14
MinimumVisualStudioVersion = 10.0.40219.1
Project("{FAE04EC0-301F-11D3-BF4B-00C04F79EFBC}") = "MvvmTests", "MvvmTests\MvvmTests.csproj", "{D9E240C7-A6B8-455A-A3C1-B44B330FB232}"
EndProject
Global
	GlobalSection(SolutionConfigurationPlatforms) = preSolution
		Debug|Any CPU = Debug|Any CPU
		Release|Any CPU = Release|Any CPU
	EndGlobalSection
	GlobalSection(ProjectConfigurationPlatforms) = postSolution
		{D9E240C7-A6B8-455A-A3C1-B44B330FB232}.Debug|Any CPU.ActiveCfg = Debug|Any CPU
		{D9E240C7-A6B8-455A-A3C1-B44B330FB232}.Debug|Any CPU.Build.0 = Debug|Any CPU
		{D9E240C7-A6B8-455A-A3C1-B44B330FB232}.Release|Any CPU.ActiveCfg = Release|Any CPU
		{D9E240C7-A6B8-455A-A3C1-B44B330FB232}.Release|Any CPU.Build.0 = Release|Any CPU
	EndGlobalSection
	GlobalSection(SolutionProperties) = preSolution
		HideSolutionNode = FALSE
	EndGlobalSection
	GlobalSection(ExtensibilityGlobals) = postSolution
		SolutionGuid = {C2B2D4B4-34A1-49DF-89C5-C2FCA50D28DE}
	EndGlobalSection
EndGlobal
